
Microsoft Visual Studio Solution File, Format Version 12.00
# Visual Studio 14
VisualStudioVersion = 14.0.25420.1
MinimumVisualStudioVersion = 10.0.40219.1
Project("{8BC9CEB8-8B4A-11D0-8D11-00A0C91BC942}") = "Daughter", "Daughter\Daughter.vcxproj", "{A8CCE96B-6AE2-41DE-B902-B507BF6D159B}"
EndProject
Project("{8BC9CEB8-8B4A-11D0-8D11-00A0C91BC942}") = "Parent", "Parent\Parent.vcxproj", "{0A0137B1-C05B-43E4-8214-5CC871451E4C}"
EndProject
Global
	GlobalSection(SolutionConfigurationPlatforms) = preSolution
		Debug|x64 = Debug|x64
		Debug|x86 = Debug|x86
		Release|x64 = Release|x64
		Release|x86 = Release|x86
	EndGlobalSection
	GlobalSection(ProjectConfigurationPlatforms) = postSolution
		{A8CCE96B-6AE2-41DE-B902-B507BF6D159B}.Debug|x64.ActiveCfg = Debug|x64
		{A8CCE96B-6AE2-41DE-B902-B507BF6D159B}.Debug|x64.Build.0 = Debug|x64
		{A8CCE96B-6AE2-41DE-B902-B507BF6D159B}.Debug|x86.ActiveCfg = Debug|Win32
		{A8CCE96B-6AE2-41DE-B902-B507BF6D159B}.Debug|x86.Build.0 = Debug|Win32
		{A8CCE96B-6AE2-41DE-B902-B507BF6D159B}.Release|x64.ActiveCfg = Release|x64
		{A8CCE96B-6AE2-41DE-B902-B507BF6D159B}.Release|x64.Build.0 = Release|x64
		{A8CCE96B-6AE2-41DE-B902-B507BF6D159B}.Release|x86.ActiveCfg = Release|Win32
		{A8CCE96B-6AE2-41DE-B902-B507BF6D159B}.Release|x86.Build.0 = Release|Win32
		{0A0137B1-C05B-43E4-8214-5CC871451E4C}.Debug|x64.ActiveCfg = Debug|x64
		{0A0137B1-C05B-43E4-8214-5CC871451E4C}.Debug|x64.Build.0 = Debug|x64
		{0A0137B1-C05B-43E4-8214-5CC871451E4C}.Debug|x86.ActiveCfg = Debug|Win32
		{0A0137B1-C05B-43E4-8214-5CC871451E4C}.Debug|x86.Build.0 = Debug|Win32
		{0A0137B1-C05B-43E4-8214-5CC871451E4C}.Release|x64.ActiveCfg = Release|x64
		{0A0137B1-C05B-43E4-8214-5CC871451E4C}.Release|x64.Build.0 = Release|x64
		{0A0137B1-C05B-43E4-8214-5CC871451E4C}.Release|x86.ActiveCfg = Release|Win32
		{0A0137B1-C05B-43E4-8214-5CC871451E4C}.Release|x86.Build.0 = Release|Win32
	EndGlobalSection
	GlobalSection(SolutionProperties) = preSolution
		HideSolutionNode = FALSE
	EndGlobalSection
EndGlobal
